// !$*UTF8*$!
{
	archiveVersion = 1;
	classes = {
	};
	objectVersion = 56;
	objects = {

/* Begin PBXBuildFile section */
		083E00022A4A3CDB00F8D7D6 /* PlayerList.swift in Sources */ = {isa = PBXBuildFile; fileRef = 083E00012A4A3CDB00F8D7D6 /* PlayerList.swift */; };
		083E00042A51288100F8D7D6 /* MyTeamCalculations.swift in Sources */ = {isa = PBXBuildFile; fileRef = 083E00032A51288100F8D7D6 /* MyTeamCalculations.swift */; };
		083E00082A5636C800F8D7D6 /* PlayerDetailView.swift in Sources */ = {isa = PBXBuildFile; fileRef = 083E00072A5636C800F8D7D6 /* PlayerDetailView.swift */; };
		083EFFFC2A4910BD00F8D7D6 /* DataService.swift in Sources */ = {isa = PBXBuildFile; fileRef = 083EFFFB2A4910BD00F8D7D6 /* DataService.swift */; };
		083EFFFE2A49F05900F8D7D6 /* SearchView.swift in Sources */ = {isa = PBXBuildFile; fileRef = 083EFFFD2A49F05900F8D7D6 /* SearchView.swift */; };
		084AA30D2A61FEA200184690 /* Player Data Model.xcdatamodeld in Sources */ = {isa = PBXBuildFile; fileRef = 084AA30B2A61FEA200184690 /* Player Data Model.xcdatamodeld */; };
		084AA3102A6202A100184690 /* Player+CoreDataClass.swift in Sources */ = {isa = PBXBuildFile; fileRef = 084AA30E2A6202A100184690 /* Player+CoreDataClass.swift */; };
		084AA3112A6202A100184690 /* Player+CoreDataProperties.swift in Sources */ = {isa = PBXBuildFile; fileRef = 084AA30F2A6202A100184690 /* Player+CoreDataProperties.swift */; };
		084AA3132A62057800184690 /* Persistence.swift in Sources */ = {isa = PBXBuildFile; fileRef = 084AA3122A62057800184690 /* Persistence.swift */; };
		084AA3152A620D4500184690 /* Constants.swift in Sources */ = {isa = PBXBuildFile; fileRef = 084AA3142A620D4500184690 /* Constants.swift */; };
		085187CC2A47BC89006DAEF6 /* NotoSans-SemiBold.ttf in Resources */ = {isa = PBXBuildFile; fileRef = 085187CB2A47BC89006DAEF6 /* NotoSans-SemiBold.ttf */; };
		085187D12A48C34F006DAEF6 /* playerdata.json in Resources */ = {isa = PBXBuildFile; fileRef = 085187D02A48C34F006DAEF6 /* playerdata.json */; };
		085187D32A48CF4A006DAEF6 /* NBATabView.swift in Sources */ = {isa = PBXBuildFile; fileRef = 085187D22A48CF4A006DAEF6 /* NBATabView.swift */; };
		085187D52A48F24C006DAEF6 /* MyTeamView.swift in Sources */ = {isa = PBXBuildFile; fileRef = 085187D42A48F24C006DAEF6 /* MyTeamView.swift */; };
		085187D72A48F2A3006DAEF6 /* BackgroundRectangle.swift in Sources */ = {isa = PBXBuildFile; fileRef = 085187D62A48F2A3006DAEF6 /* BackgroundRectangle.swift */; };
		085187DB2A48FDCF006DAEF6 /* PlayersView.swift in Sources */ = {isa = PBXBuildFile; fileRef = 085187DA2A48FDCF006DAEF6 /* PlayersView.swift */; };
		08A37ABB2A465C3B00CFF135 /* NBAFantasyGuideApp.swift in Sources */ = {isa = PBXBuildFile; fileRef = 08A37ABA2A465C3B00CFF135 /* NBAFantasyGuideApp.swift */; };
		08A37ABD2A465C3B00CFF135 /* HomeView.swift in Sources */ = {isa = PBXBuildFile; fileRef = 08A37ABC2A465C3B00CFF135 /* HomeView.swift */; };
		08A37ABF2A465C3D00CFF135 /* Assets.xcassets in Resources */ = {isa = PBXBuildFile; fileRef = 08A37ABE2A465C3D00CFF135 /* Assets.xcassets */; };
		08A37AC22A465C3D00CFF135 /* Preview Assets.xcassets in Resources */ = {isa = PBXBuildFile; fileRef = 08A37AC12A465C3D00CFF135 /* Preview Assets.xcassets */; };
		08A37AD02A465D9C00CFF135 /* Data.swift in Sources */ = {isa = PBXBuildFile; fileRef = 08A37ACF2A465D9C00CFF135 /* Data.swift */; };
		08A37AD62A466DD200CFF135 /* DataModel.swift in Sources */ = {isa = PBXBuildFile; fileRef = 08A37AD52A466DD200CFF135 /* DataModel.swift */; };
/* End PBXBuildFile section */

/* Begin PBXFileReference section */
		083E00012A4A3CDB00F8D7D6 /* PlayerList.swift */ = {isa = PBXFileReference; lastKnownFileType = sourcecode.swift; path = PlayerList.swift; sourceTree = "<group>"; };
		083E00032A51288100F8D7D6 /* MyTeamCalculations.swift */ = {isa = PBXFileReference; lastKnownFileType = sourcecode.swift; path = MyTeamCalculations.swift; sourceTree = "<group>"; };
		083E00072A5636C800F8D7D6 /* PlayerDetailView.swift */ = {isa = PBXFileReference; lastKnownFileType = sourcecode.swift; path = PlayerDetailView.swift; sourceTree = "<group>"; };
		083EFFFB2A4910BD00F8D7D6 /* DataService.swift */ = {isa = PBXFileReference; lastKnownFileType = sourcecode.swift; path = DataService.swift; sourceTree = "<group>"; };
		083EFFFD2A49F05900F8D7D6 /* SearchView.swift */ = {isa = PBXFileReference; lastKnownFileType = sourcecode.swift; path = SearchView.swift; sourceTree = "<group>"; };
		084AA30C2A61FEA200184690 /* Player Data Model.xcdatamodel */ = {isa = PBXFileReference; lastKnownFileType = wrapper.xcdatamodel; path = "Player Data Model.xcdatamodel"; sourceTree = "<group>"; };
		084AA30E2A6202A100184690 /* Player+CoreDataClass.swift */ = {isa = PBXFileReference; lastKnownFileType = sourcecode.swift; path = "Player+CoreDataClass.swift"; sourceTree = "<group>"; };
		084AA30F2A6202A100184690 /* Player+CoreDataProperties.swift */ = {isa = PBXFileReference; lastKnownFileType = sourcecode.swift; path = "Player+CoreDataProperties.swift"; sourceTree = "<group>"; };
		084AA3122A62057800184690 /* Persistence.swift */ = {isa = PBXFileReference; fileEncoding = 4; lastKnownFileType = sourcecode.swift; path = Persistence.swift; sourceTree = "<group>"; };
		084AA3142A620D4500184690 /* Constants.swift */ = {isa = PBXFileReference; lastKnownFileType = sourcecode.swift; path = Constants.swift; sourceTree = "<group>"; };
		085187CB2A47BC89006DAEF6 /* NotoSans-SemiBold.ttf */ = {isa = PBXFileReference; lastKnownFileType = file; path = "NotoSans-SemiBold.ttf"; sourceTree = "<group>"; };
		085187CD2A47BCA5006DAEF6 /* Info.plist */ = {isa = PBXFileReference; lastKnownFileType = text.plist; path = Info.plist; sourceTree = "<group>"; };
		085187D02A48C34F006DAEF6 /* playerdata.json */ = {isa = PBXFileReference; fileEncoding = 4; lastKnownFileType = text.json; path = playerdata.json; sourceTree = "<group>"; };
		085187D22A48CF4A006DAEF6 /* NBATabView.swift */ = {isa = PBXFileReference; lastKnownFileType = sourcecode.swift; path = NBATabView.swift; sourceTree = "<group>"; };
		085187D42A48F24C006DAEF6 /* MyTeamView.swift */ = {isa = PBXFileReference; lastKnownFileType = sourcecode.swift; path = MyTeamView.swift; sourceTree = "<group>"; };
		085187D62A48F2A3006DAEF6 /* BackgroundRectangle.swift */ = {isa = PBXFileReference; lastKnownFileType = sourcecode.swift; path = BackgroundRectangle.swift; sourceTree = "<group>"; };
		085187DA2A48FDCF006DAEF6 /* PlayersView.swift */ = {isa = PBXFileReference; lastKnownFileType = sourcecode.swift; path = PlayersView.swift; sourceTree = "<group>"; };
		08A37AB72A465C3B00CFF135 /* NBAFantasyGuide.app */ = {isa = PBXFileReference; explicitFileType = wrapper.application; includeInIndex = 0; path = NBAFantasyGuide.app; sourceTree = BUILT_PRODUCTS_DIR; };
		08A37ABA2A465C3B00CFF135 /* NBAFantasyGuideApp.swift */ = {isa = PBXFileReference; lastKnownFileType = sourcecode.swift; path = NBAFantasyGuideApp.swift; sourceTree = "<group>"; };
		08A37ABC2A465C3B00CFF135 /* HomeView.swift */ = {isa = PBXFileReference; lastKnownFileType = sourcecode.swift; path = HomeView.swift; sourceTree = "<group>"; };
		08A37ABE2A465C3D00CFF135 /* Assets.xcassets */ = {isa = PBXFileReference; lastKnownFileType = folder.assetcatalog; path = Assets.xcassets; sourceTree = "<group>"; };
		08A37AC12A465C3D00CFF135 /* Preview Assets.xcassets */ = {isa = PBXFileReference; lastKnownFileType = folder.assetcatalog; path = "Preview Assets.xcassets"; sourceTree = "<group>"; };
		08A37ACF2A465D9C00CFF135 /* Data.swift */ = {isa = PBXFileReference; lastKnownFileType = sourcecode.swift; path = Data.swift; sourceTree = "<group>"; };
		08A37AD52A466DD200CFF135 /* DataModel.swift */ = {isa = PBXFileReference; lastKnownFileType = sourcecode.swift; path = DataModel.swift; sourceTree = "<group>"; };
/* End PBXFileReference section */

/* Begin PBXFrameworksBuildPhase section */
		08A37AB42A465C3B00CFF135 /* Frameworks */ = {
			isa = PBXFrameworksBuildPhase;
			buildActionMask = 2147483647;
			files = (
			);
			runOnlyForDeploymentPostprocessing = 0;
		};
/* End PBXFrameworksBuildPhase section */

/* Begin PBXGroup section */
		085187C82A47BBF6006DAEF6 /* Font */ = {
			isa = PBXGroup;
			children = (
				085187CB2A47BC89006DAEF6 /* NotoSans-SemiBold.ttf */,
			);
			path = Font;
			sourceTree = "<group>";
		};
		08A37AAE2A465C3B00CFF135 = {
			isa = PBXGroup;
			children = (
				08A37AB92A465C3B00CFF135 /* NBAFantasyGuide */,
				08A37AB82A465C3B00CFF135 /* Products */,
			);
			sourceTree = "<group>";
		};
		08A37AB82A465C3B00CFF135 /* Products */ = {
			isa = PBXGroup;
			children = (
				08A37AB72A465C3B00CFF135 /* NBAFantasyGuide.app */,
			);
			name = Products;
			sourceTree = "<group>";
		};
		08A37AB92A465C3B00CFF135 /* NBAFantasyGuide */ = {
			isa = PBXGroup;
			children = (
				08A37ABA2A465C3B00CFF135 /* NBAFantasyGuideApp.swift */,
				085187CD2A47BCA5006DAEF6 /* Info.plist */,
				085187C82A47BBF6006DAEF6 /* Font */,
				08A37ACC2A465C8100CFF135 /* Services */,
				08A37ACB2A465C7800CFF135 /* Resources */,
				08A37ACA2A465C6D00CFF135 /* ModelViews */,
				08A37AC92A465C6100CFF135 /* Views */,
				08A37AC82A465C5800CFF135 /* Models */,
				08A37ABE2A465C3D00CFF135 /* Assets.xcassets */,
				08A37AC02A465C3D00CFF135 /* Preview Content */,
			);
			path = NBAFantasyGuide;
			sourceTree = "<group>";
		};
		08A37AC02A465C3D00CFF135 /* Preview Content */ = {
			isa = PBXGroup;
			children = (
				08A37AC12A465C3D00CFF135 /* Preview Assets.xcassets */,
			);
			path = "Preview Content";
			sourceTree = "<group>";
		};
		08A37AC82A465C5800CFF135 /* Models */ = {
			isa = PBXGroup;
			children = (
				08A37ACF2A465D9C00CFF135 /* Data.swift */,
			);
			path = Models;
			sourceTree = "<group>";
		};
		08A37AC92A465C6100CFF135 /* Views */ = {
			isa = PBXGroup;
			children = (
				08A37ABC2A465C3B00CFF135 /* HomeView.swift */,
				085187D62A48F2A3006DAEF6 /* BackgroundRectangle.swift */,
				085187D42A48F24C006DAEF6 /* MyTeamView.swift */,
				085187D22A48CF4A006DAEF6 /* NBATabView.swift */,
				085187DA2A48FDCF006DAEF6 /* PlayersView.swift */,
				083EFFFD2A49F05900F8D7D6 /* SearchView.swift */,
				083E00012A4A3CDB00F8D7D6 /* PlayerList.swift */,
				083E00072A5636C800F8D7D6 /* PlayerDetailView.swift */,
			);
			path = Views;
			sourceTree = "<group>";
		};
		08A37ACA2A465C6D00CFF135 /* ModelViews */ = {
			isa = PBXGroup;
			children = (
				08A37AD52A466DD200CFF135 /* DataModel.swift */,
			);
			path = ModelViews;
			sourceTree = "<group>";
		};
		08A37ACB2A465C7800CFF135 /* Resources */ = {
			isa = PBXGroup;
			children = (
				084AA30E2A6202A100184690 /* Player+CoreDataClass.swift */,
				084AA30F2A6202A100184690 /* Player+CoreDataProperties.swift */,
				084AA3122A62057800184690 /* Persistence.swift */,
				085187D02A48C34F006DAEF6 /* playerdata.json */,
				083EFFFB2A4910BD00F8D7D6 /* DataService.swift */,
				084AA30B2A61FEA200184690 /* Player Data Model.xcdatamodeld */,
			);
			path = Resources;
			sourceTree = "<group>";
		};
		08A37ACC2A465C8100CFF135 /* Services */ = {
			isa = PBXGroup;
			children = (
				083E00032A51288100F8D7D6 /* MyTeamCalculations.swift */,
				084AA3142A620D4500184690 /* Constants.swift */,
			);
			path = Services;
			sourceTree = "<group>";
		};
/* End PBXGroup section */

/* Begin PBXNativeTarget section */
		08A37AB62A465C3B00CFF135 /* NBAFantasyGuide */ = {
			isa = PBXNativeTarget;
			buildConfigurationList = 08A37AC52A465C3D00CFF135 /* Build configuration list for PBXNativeTarget "NBAFantasyGuide" */;
			buildPhases = (
				08A37AB32A465C3B00CFF135 /* Sources */,
				08A37AB42A465C3B00CFF135 /* Frameworks */,
				08A37AB52A465C3B00CFF135 /* Resources */,
			);
			buildRules = (
			);
			dependencies = (
			);
			name = NBAFantasyGuide;
			productName = NBAFantasyGuide;
			productReference = 08A37AB72A465C3B00CFF135 /* NBAFantasyGuide.app */;
			productType = "com.apple.product-type.application";
		};
/* End PBXNativeTarget section */

/* Begin PBXProject section */
		08A37AAF2A465C3B00CFF135 /* Project object */ = {
			isa = PBXProject;
			attributes = {
				BuildIndependentTargetsInParallel = 1;
				LastSwiftUpdateCheck = 1430;
				LastUpgradeCheck = 1430;
				TargetAttributes = {
					08A37AB62A465C3B00CFF135 = {
						CreatedOnToolsVersion = 14.3.1;
					};
				};
			};
			buildConfigurationList = 08A37AB22A465C3B00CFF135 /* Build configuration list for PBXProject "NBAFantasyGuide" */;
			compatibilityVersion = "Xcode 14.0";
			developmentRegion = en;
			hasScannedForEncodings = 0;
			knownRegions = (
				en,
				Base,
			);
			mainGroup = 08A37AAE2A465C3B00CFF135;
			productRefGroup = 08A37AB82A465C3B00CFF135 /* Products */;
			projectDirPath = "";
			projectRoot = "";
			targets = (
				08A37AB62A465C3B00CFF135 /* NBAFantasyGuide */,
			);
		};
/* End PBXProject section */

/* Begin PBXResourcesBuildPhase section */
		08A37AB52A465C3B00CFF135 /* Resources */ = {
			isa = PBXResourcesBuildPhase;
			buildActionMask = 2147483647;
			files = (
				08A37AC22A465C3D00CFF135 /* Preview Assets.xcassets in Resources */,
				08A37ABF2A465C3D00CFF135 /* Assets.xcassets in Resources */,
				085187D12A48C34F006DAEF6 /* playerdata.json in Resources */,
				085187CC2A47BC89006DAEF6 /* NotoSans-SemiBold.ttf in Resources */,
			);
			runOnlyForDeploymentPostprocessing = 0;
		};
/* End PBXResourcesBuildPhase section */

/* Begin PBXSourcesBuildPhase section */
		08A37AB32A465C3B00CFF135 /* Sources */ = {
			isa = PBXSourcesBuildPhase;
			buildActionMask = 2147483647;
			files = (
				083EFFFE2A49F05900F8D7D6 /* SearchView.swift in Sources */,
				083EFFFC2A4910BD00F8D7D6 /* DataService.swift in Sources */,
				084AA3132A62057800184690 /* Persistence.swift in Sources */,
				084AA3112A6202A100184690 /* Player+CoreDataProperties.swift in Sources */,
				083E00082A5636C800F8D7D6 /* PlayerDetailView.swift in Sources */,
				085187D32A48CF4A006DAEF6 /* NBATabView.swift in Sources */,
				08A37AD62A466DD200CFF135 /* DataModel.swift in Sources */,
				08A37ABD2A465C3B00CFF135 /* HomeView.swift in Sources */,
				084AA3102A6202A100184690 /* Player+CoreDataClass.swift in Sources */,
				083E00022A4A3CDB00F8D7D6 /* PlayerList.swift in Sources */,
				083E00042A51288100F8D7D6 /* MyTeamCalculations.swift in Sources */,
				08A37ABB2A465C3B00CFF135 /* NBAFantasyGuideApp.swift in Sources */,
				08A37AD02A465D9C00CFF135 /* Data.swift in Sources */,
				084AA30D2A61FEA200184690 /* Player Data Model.xcdatamodeld in Sources */,
				085187D52A48F24C006DAEF6 /* MyTeamView.swift in Sources */,
				085187D72A48F2A3006DAEF6 /* BackgroundRectangle.swift in Sources */,
				085187DB2A48FDCF006DAEF6 /* PlayersView.swift in Sources */,
				084AA3152A620D4500184690 /* Constants.swift in Sources */,
			);
			runOnlyForDeploymentPostprocessing = 0;
		};
/* End PBXSourcesBuildPhase section */

/* Begin XCBuildConfiguration section */
		08A37AC32A465C3D00CFF135 /* Debug */ = {
			isa = XCBuildConfiguration;
			buildSettings = {
				ALWAYS_SEARCH_USER_PATHS = NO;
				CLANG_ANALYZER_NONNULL = YES;
				CLANG_ANALYZER_NUMBER_OBJECT_CONVERSION = YES_AGGRESSIVE;
				CLANG_CXX_LANGUAGE_STANDARD = "gnu++20";
				CLANG_ENABLE_MODULES = YES;
				CLANG_ENABLE_OBJC_ARC = YES;
				CLANG_ENABLE_OBJC_WEAK = YES;
				CLANG_WARN_BLOCK_CAPTURE_AUTORELEASING = YES;
				CLANG_WARN_BOOL_CONVERSION = YES;
				CLANG_WARN_COMMA = YES;
				CLANG_WARN_CONSTANT_CONVERSION = YES;
				CLANG_WARN_DEPRECATED_OBJC_IMPLEMENTATIONS = YES;
				CLANG_WARN_DIRECT_OBJC_ISA_USAGE = YES_ERROR;
				CLANG_WARN_DOCUMENTATION_COMMENTS = YES;
				CLANG_WARN_EMPTY_BODY = YES;
				CLANG_WARN_ENUM_CONVERSION = YES;
				CLANG_WARN_INFINITE_RECURSION = YES;
				CLANG_WARN_INT_CONVERSION = YES;
				CLANG_WARN_NON_LITERAL_NULL_CONVERSION = YES;
				CLANG_WARN_OBJC_IMPLICIT_RETAIN_SELF = YES;
				CLANG_WARN_OBJC_LITERAL_CONVERSION = YES;
				CLANG_WARN_OBJC_ROOT_CLASS = YES_ERROR;
				CLANG_WARN_QUOTED_INCLUDE_IN_FRAMEWORK_HEADER = YES;
				CLANG_WARN_RANGE_LOOP_ANALYSIS = YES;
				CLANG_WARN_STRICT_PROTOTYPES = YES;
				CLANG_WARN_SUSPICIOUS_MOVE = YES;
				CLANG_WARN_UNGUARDED_AVAILABILITY = YES_AGGRESSIVE;
				CLANG_WARN_UNREACHABLE_CODE = YES;
				CLANG_WARN__DUPLICATE_METHOD_MATCH = YES;
				COPY_PHASE_STRIP = NO;
				DEBUG_INFORMATION_FORMAT = dwarf;
				ENABLE_STRICT_OBJC_MSGSEND = YES;
				ENABLE_TESTABILITY = YES;
				GCC_C_LANGUAGE_STANDARD = gnu11;
				GCC_DYNAMIC_NO_PIC = NO;
				GCC_NO_COMMON_BLOCKS = YES;
				GCC_OPTIMIZATION_LEVEL = 0;
				GCC_PREPROCESSOR_DEFINITIONS = (
					"DEBUG=1",
					"$(inherited)",
				);
				GCC_WARN_64_TO_32_BIT_CONVERSION = YES;
				GCC_WARN_ABOUT_RETURN_TYPE = YES_ERROR;
				GCC_WARN_UNDECLARED_SELECTOR = YES;
				GCC_WARN_UNINITIALIZED_AUTOS = YES_AGGRESSIVE;
				GCC_WARN_UNUSED_FUNCTION = YES;
				GCC_WARN_UNUSED_VARIABLE = YES;
				IPHONEOS_DEPLOYMENT_TARGET = 16.4;
				MTL_ENABLE_DEBUG_INFO = INCLUDE_SOURCE;
				MTL_FAST_MATH = YES;
				ONLY_ACTIVE_ARCH = YES;
				SDKROOT = iphoneos;
				SWIFT_ACTIVE_COMPILATION_CONDITIONS = DEBUG;
				SWIFT_OPTIMIZATION_LEVEL = "-Onone";
			};
			name = Debug;
		};
		08A37AC42A465C3D00CFF135 /* Release */ = {
			isa = XCBuildConfiguration;
			buildSettings = {
				ALWAYS_SEARCH_USER_PATHS = NO;
				CLANG_ANALYZER_NONNULL = YES;
				CLANG_ANALYZER_NUMBER_OBJECT_CONVERSION = YES_AGGRESSIVE;
				CLANG_CXX_LANGUAGE_STANDARD = "gnu++20";
				CLANG_ENABLE_MODULES = YES;
				CLANG_ENABLE_OBJC_ARC = YES;
				CLANG_ENABLE_OBJC_WEAK = YES;
				CLANG_WARN_BLOCK_CAPTURE_AUTORELEASING = YES;
				CLANG_WARN_BOOL_CONVERSION = YES;
				CLANG_WARN_COMMA = YES;
				CLANG_WARN_CONSTANT_CONVERSION = YES;
				CLANG_WARN_DEPRECATED_OBJC_IMPLEMENTATIONS = YES;
				CLANG_WARN_DIRECT_OBJC_ISA_USAGE = YES_ERROR;
				CLANG_WARN_DOCUMENTATION_COMMENTS = YES;
				CLANG_WARN_EMPTY_BODY = YES;
				CLANG_WARN_ENUM_CONVERSION = YES;
				CLANG_WARN_INFINITE_RECURSION = YES;
				CLANG_WARN_INT_CONVERSION = YES;
				CLANG_WARN_NON_LITERAL_NULL_CONVERSION = YES;
				CLANG_WARN_OBJC_IMPLICIT_RETAIN_SELF = YES;
				CLANG_WARN_OBJC_LITERAL_CONVERSION = YES;
				CLANG_WARN_OBJC_ROOT_CLASS = YES_ERROR;
				CLANG_WARN_QUOTED_INCLUDE_IN_FRAMEWORK_HEADER = YES;
				CLANG_WARN_RANGE_LOOP_ANALYSIS = YES;
				CLANG_WARN_STRICT_PROTOTYPES = YES;
				CLANG_WARN_SUSPICIOUS_MOVE = YES;
				CLANG_WARN_UNGUARDED_AVAILABILITY = YES_AGGRESSIVE;
				CLANG_WARN_UNREACHABLE_CODE = YES;
				CLANG_WARN__DUPLICATE_METHOD_MATCH = YES;
				COPY_PHASE_STRIP = NO;
				DEBUG_INFORMATION_FORMAT = "dwarf-with-dsym";
				ENABLE_NS_ASSERTIONS = NO;
				ENABLE_STRICT_OBJC_MSGSEND = YES;
				GCC_C_LANGUAGE_STANDARD = gnu11;
				GCC_NO_COMMON_BLOCKS = YES;
				GCC_WARN_64_TO_32_BIT_CONVERSION = YES;
				GCC_WARN_ABOUT_RETURN_TYPE = YES_ERROR;
				GCC_WARN_UNDECLARED_SELECTOR = YES;
				GCC_WARN_UNINITIALIZED_AUTOS = YES_AGGRESSIVE;
				GCC_WARN_UNUSED_FUNCTION = YES;
				GCC_WARN_UNUSED_VARIABLE = YES;
				IPHONEOS_DEPLOYMENT_TARGET = 16.4;
				MTL_ENABLE_DEBUG_INFO = NO;
				MTL_FAST_MATH = YES;
				SDKROOT = iphoneos;
				SWIFT_COMPILATION_MODE = wholemodule;
				SWIFT_OPTIMIZATION_LEVEL = "-O";
				VALIDATE_PRODUCT = YES;
			};
			name = Release;
		};
		08A37AC62A465C3D00CFF135 /* Debug */ = {
			isa = XCBuildConfiguration;
			buildSettings = {
				ASSETCATALOG_COMPILER_APPICON_NAME = AppIcon;
				ASSETCATALOG_COMPILER_GLOBAL_ACCENT_COLOR_NAME = AccentColor;
				CODE_SIGN_STYLE = Automatic;
				CURRENT_PROJECT_VERSION = 1;
				DEVELOPMENT_ASSET_PATHS = "\"NBAFantasyGuide/Preview Content\"";
				ENABLE_PREVIEWS = YES;
				GENERATE_INFOPLIST_FILE = YES;
				INFOPLIST_FILE = NBAFantasyGuide/Info.plist;
				INFOPLIST_KEY_UIApplicationSceneManifest_Generation = YES;
				INFOPLIST_KEY_UIApplicationSupportsIndirectInputEvents = YES;
				INFOPLIST_KEY_UILaunchScreen_Generation = YES;
				INFOPLIST_KEY_UISupportedInterfaceOrientations_iPad = "UIInterfaceOrientationPortrait UIInterfaceOrientationPortraitUpsideDown UIInterfaceOrientationLandscapeLeft UIInterfaceOrientationLandscapeRight";
				INFOPLIST_KEY_UISupportedInterfaceOrientations_iPhone = "UIInterfaceOrientationPortrait UIInterfaceOrientationLandscapeLeft UIInterfaceOrientationLandscapeRight";
				LD_RUNPATH_SEARCH_PATHS = (
					"$(inherited)",
					"@executable_path/Frameworks",
				);
				MARKETING_VERSION = 1.0;
				PRODUCT_BUNDLE_IDENTIFIER = com.aadighai.NBAFantasyGuide;
				PRODUCT_NAME = "$(TARGET_NAME)";
				SWIFT_EMIT_LOC_STRINGS = YES;
				SWIFT_VERSION = 5.0;
				TARGETED_DEVICE_FAMILY = "1,2";
			};
			name = Debug;
		};
		08A37AC72A465C3D00CFF135 /* Release */ = {
			isa = XCBuildConfiguration;
			buildSettings = {
				ASSETCATALOG_COMPILER_APPICON_NAME = AppIcon;
				ASSETCATALOG_COMPILER_GLOBAL_ACCENT_COLOR_NAME = AccentColor;
				CODE_SIGN_STYLE = Automatic;
				CURRENT_PROJECT_VERSION = 1;
				DEVELOPMENT_ASSET_PATHS = "\"NBAFantasyGuide/Preview Content\"";
				ENABLE_PREVIEWS = YES;
				GENERATE_INFOPLIST_FILE = YES;
				INFOPLIST_FILE = NBAFantasyGuide/Info.plist;
				INFOPLIST_KEY_UIApplicationSceneManifest_Generation = YES;
				INFOPLIST_KEY_UIApplicationSupportsIndirectInputEvents = YES;
				INFOPLIST_KEY_UILaunchScreen_Generation = YES;
				INFOPLIST_KEY_UISupportedInterfaceOrientations_iPad = "UIInterfaceOrientationPortrait UIInterfaceOrientationPortraitUpsideDown UIInterfaceOrientationLandscapeLeft UIInterfaceOrientationLandscapeRight";
				INFOPLIST_KEY_UISupportedInterfaceOrientations_iPhone = "UIInterfaceOrientationPortrait UIInterfaceOrientationLandscapeLeft UIInterfaceOrientationLandscapeRight";
				LD_RUNPATH_SEARCH_PATHS = (
					"$(inherited)",
					"@executable_path/Frameworks",
				);
				MARKETING_VERSION = 1.0;
				PRODUCT_BUNDLE_IDENTIFIER = com.aadighai.NBAFantasyGuide;
				PRODUCT_NAME = "$(TARGET_NAME)";
				SWIFT_EMIT_LOC_STRINGS = YES;
				SWIFT_VERSION = 5.0;
				TARGETED_DEVICE_FAMILY = "1,2";
			};
			name = Release;
		};
/* End XCBuildConfiguration section */

/* Begin XCConfigurationList section */
		08A37AB22A465C3B00CFF135 /* Build configuration list for PBXProject "NBAFantasyGuide" */ = {
			isa = XCConfigurationList;
			buildConfigurations = (
				08A37AC32A465C3D00CFF135 /* Debug */,
				08A37AC42A465C3D00CFF135 /* Release */,
			);
			defaultConfigurationIsVisible = 0;
			defaultConfigurationName = Release;
		};
		08A37AC52A465C3D00CFF135 /* Build configuration list for PBXNativeTarget "NBAFantasyGuide" */ = {
			isa = XCConfigurationList;
			buildConfigurations = (
				08A37AC62A465C3D00CFF135 /* Debug */,
				08A37AC72A465C3D00CFF135 /* Release */,
			);
			defaultConfigurationIsVisible = 0;
			defaultConfigurationName = Release;
		};
/* End XCConfigurationList section */

/* Begin XCVersionGroup section */
		084AA30B2A61FEA200184690 /* Player Data Model.xcdatamodeld */ = {
			isa = XCVersionGroup;
			children = (
				084AA30C2A61FEA200184690 /* Player Data Model.xcdatamodel */,
			);
			currentVersion = 084AA30C2A61FEA200184690 /* Player Data Model.xcdatamodel */;
			path = "Player Data Model.xcdatamodeld";
			sourceTree = "<group>";
			versionGroupType = wrapper.xcdatamodel;
		};
/* End XCVersionGroup section */
	};
	rootObject = 08A37AAF2A465C3B00CFF135 /* Project object */;
}
